
Microsoft Visual Studio Solution File, Format Version 12.00
# Visual Studio 14
VisualStudioVersion = 14.0.25420.1
MinimumVisualStudioVersion = 10.0.40219.1
Project("{FAE04EC0-301F-11D3-BF4B-00C04F79EFBC}") = "OuiHop", "OuiHop\OuiHop.csproj", "{D0185072-0357-4B5F-963C-DDD85B568CFA}"
EndProject
Project("{FAE04EC0-301F-11D3-BF4B-00C04F79EFBC}") = "OuiHop.Library", "OuiHop.Library\OuiHop.Library.csproj", "{D2B03AE3-E42D-48D3-81A3-5EFBD65F7590}"
EndProject
Global
	GlobalSection(SolutionConfigurationPlatforms) = preSolution
		Debug|Any CPU = Debug|Any CPU
		Debug|ARM = Debug|ARM
		Debug|x64 = Debug|x64
		Debug|x86 = Debug|x86
		Release|Any CPU = Release|Any CPU
		Release|ARM = Release|ARM
		Release|x64 = Release|x64
		Release|x86 = Release|x86
	EndGlobalSection
	GlobalSection(ProjectConfigurationPlatforms) = postSolution
		{D0185072-0357-4B5F-963C-DDD85B568CFA}.Debug|Any CPU.ActiveCfg = Debug|x86
		{D0185072-0357-4B5F-963C-DDD85B568CFA}.Debug|ARM.ActiveCfg = Debug|ARM
		{D0185072-0357-4B5F-963C-DDD85B568CFA}.Debug|ARM.Build.0 = Debug|ARM
		{D0185072-0357-4B5F-963C-DDD85B568CFA}.Debug|ARM.Deploy.0 = Debug|ARM
		{D0185072-0357-4B5F-963C-DDD85B568CFA}.Debug|x64.ActiveCfg = Debug|x64
		{D0185072-0357-4B5F-963C-DDD85B568CFA}.Debug|x64.Build.0 = Debug|x64
		{D0185072-0357-4B5F-963C-DDD85B568CFA}.Debug|x64.Deploy.0 = Debug|x64
		{D0185072-0357-4B5F-963C-DDD85B568CFA}.Debug|x86.ActiveCfg = Debug|x86
		{D0185072-0357-4B5F-963C-DDD85B568CFA}.Debug|x86.Build.0 = Debug|x86
		{D0185072-0357-4B5F-963C-DDD85B568CFA}.Debug|x86.Deploy.0 = Debug|x86
		{D0185072-0357-4B5F-963C-DDD85B568CFA}.Release|Any CPU.ActiveCfg = Release|x86
		{D0185072-0357-4B5F-963C-DDD85B568CFA}.Release|ARM.ActiveCfg = Release|ARM
		{D0185072-0357-4B5F-963C-DDD85B568CFA}.Release|ARM.Build.0 = Release|ARM
		{D0185072-0357-4B5F-963C-DDD85B568CFA}.Release|ARM.Deploy.0 = Release|ARM
		{D0185072-0357-4B5F-963C-DDD85B568CFA}.Release|x64.ActiveCfg = Release|x64
		{D0185072-0357-4B5F-963C-DDD85B568CFA}.Release|x64.Build.0 = Release|x64
		{D0185072-0357-4B5F-963C-DDD85B568CFA}.Release|x64.Deploy.0 = Release|x64
		{D0185072-0357-4B5F-963C-DDD85B568CFA}.Release|x86.ActiveCfg = Release|x86
		{D0185072-0357-4B5F-963C-DDD85B568CFA}.Release|x86.Build.0 = Release|x86
		{D0185072-0357-4B5F-963C-DDD85B568CFA}.Release|x86.Deploy.0 = Release|x86
		{D2B03AE3-E42D-48D3-81A3-5EFBD65F7590}.Debug|Any CPU.ActiveCfg = Debug|Any CPU
		{D2B03AE3-E42D-48D3-81A3-5EFBD65F7590}.Debug|Any CPU.Build.0 = Debug|Any CPU
		{D2B03AE3-E42D-48D3-81A3-5EFBD65F7590}.Debug|ARM.ActiveCfg = Debug|ARM
		{D2B03AE3-E42D-48D3-81A3-5EFBD65F7590}.Debug|ARM.Build.0 = Debug|ARM
		{D2B03AE3-E42D-48D3-81A3-5EFBD65F7590}.Debug|x64.ActiveCfg = Debug|x64
		{D2B03AE3-E42D-48D3-81A3-5EFBD65F7590}.Debug|x64.Build.0 = Debug|x64
		{D2B03AE3-E42D-48D3-81A3-5EFBD65F7590}.Debug|x86.ActiveCfg = Debug|x86
		{D2B03AE3-E42D-48D3-81A3-5EFBD65F7590}.Debug|x86.Build.0 = Debug|x86
		{D2B03AE3-E42D-48D3-81A3-5EFBD65F7590}.Release|Any CPU.ActiveCfg = Release|Any CPU
		{D2B03AE3-E42D-48D3-81A3-5EFBD65F7590}.Release|Any CPU.Build.0 = Release|Any CPU
		{D2B03AE3-E42D-48D3-81A3-5EFBD65F7590}.Release|ARM.ActiveCfg = Release|ARM
		{D2B03AE3-E42D-48D3-81A3-5EFBD65F7590}.Release|ARM.Build.0 = Release|ARM
		{D2B03AE3-E42D-48D3-81A3-5EFBD65F7590}.Release|x64.ActiveCfg = Release|x64
		{D2B03AE3-E42D-48D3-81A3-5EFBD65F7590}.Release|x64.Build.0 = Release|x64
		{D2B03AE3-E42D-48D3-81A3-5EFBD65F7590}.Release|x86.ActiveCfg = Release|x86
		{D2B03AE3-E42D-48D3-81A3-5EFBD65F7590}.Release|x86.Build.0 = Release|x86
	EndGlobalSection
	GlobalSection(SolutionProperties) = preSolution
		HideSolutionNode = FALSE
	EndGlobalSection
EndGlobal
